
Microsoft Visual Studio Solution File, Format Version 12.00
# Visual Studio Version 17
VisualStudioVersion = 17.7.34221.43
MinimumVisualStudioVersion = 10.0.40219.1
Project("{FAE04EC0-301F-11D3-BF4B-00C04F79EFBC}") = "Aplikasi_Perpustakaan_1", "Aplikasi_Perpustakaan_1\Aplikasi_Perpustakaan_1.csproj", "{0737836E-D7AD-4F5B-8667-66D0E9607298}"
EndProject
Global
	GlobalSection(SolutionConfigurationPlatforms) = preSolution
		Debug|Any CPU = Debug|Any CPU
		Release|Any CPU = Release|Any CPU
	EndGlobalSection
	GlobalSection(ProjectConfigurationPlatforms) = postSolution
		{0737836E-D7AD-4F5B-8667-66D0E9607298}.Debug|Any CPU.ActiveCfg = Debug|Any CPU
		{0737836E-D7AD-4F5B-8667-66D0E9607298}.Debug|Any CPU.Build.0 = Debug|Any CPU
		{0737836E-D7AD-4F5B-8667-66D0E9607298}.Release|Any CPU.ActiveCfg = Release|Any CPU
		{0737836E-D7AD-4F5B-8667-66D0E9607298}.Release|Any CPU.Build.0 = Release|Any CPU
	EndGlobalSection
	GlobalSection(SolutionProperties) = preSolution
		HideSolutionNode = FALSE
	EndGlobalSection
	GlobalSection(ExtensibilityGlobals) = postSolution
		SolutionGuid = {25CD8F8B-B754-4605-8052-53FE37DA6AC4}
	EndGlobalSection
EndGlobal
